
Microsoft Visual Studio Solution File, Format Version 12.00
# Visual Studio 15
VisualStudioVersion = 15.0.28307.572
MinimumVisualStudioVersion = 10.0.40219.1
Project("{FAE04EC0-301F-11D3-BF4B-00C04F79EFBC}") = "Calculadora de matrices 2", "Calculadora de matrices 2\Calculadora de matrices 2.csproj", "{433404A9-AD54-4B16-B761-7678E1EB6C8E}"
EndProject
Global
	GlobalSection(SolutionConfigurationPlatforms) = preSolution
		Debug|Any CPU = Debug|Any CPU
		Release|Any CPU = Release|Any CPU
	EndGlobalSection
	GlobalSection(ProjectConfigurationPlatforms) = postSolution
		{433404A9-AD54-4B16-B761-7678E1EB6C8E}.Debug|Any CPU.ActiveCfg = Debug|Any CPU
		{433404A9-AD54-4B16-B761-7678E1EB6C8E}.Debug|Any CPU.Build.0 = Debug|Any CPU
		{433404A9-AD54-4B16-B761-7678E1EB6C8E}.Release|Any CPU.ActiveCfg = Release|Any CPU
		{433404A9-AD54-4B16-B761-7678E1EB6C8E}.Release|Any CPU.Build.0 = Release|Any CPU
	EndGlobalSection
	GlobalSection(SolutionProperties) = preSolution
		HideSolutionNode = FALSE
	EndGlobalSection
	GlobalSection(ExtensibilityGlobals) = postSolution
		SolutionGuid = {ABFBB37F-4278-4A3C-8BA0-67E0358D3FBD}
	EndGlobalSection
EndGlobal
